{
  "name": "complitrack",
  "version": "1.0.0",
  "lockfileVersion": 3,
  "requires": true,
  "packages": {
    "": {
      "name": "complitrack",
      "version": "1.0.0",
      "dependencies": {
        "@seliseblocks/cli-os": "^0.2.4",
        "@seliseblocks/client": "^0.1.5"
      }
    },
    "node_modules/@seliseblocks/cli-os": {
      "version": "0.2.4",
      "resolved": "https://registry.npmjs.org/@seliseblocks/cli-os/-/cli-os-0.2.4.tgz",
      "integrity": "sha512-Fd441r7ZWpVY00lYgKDdp/ldVb20njr8clqhNTfqjOsKRflWpke3NFuJ3K2xQdFWmp+of/8bTAQRmOt9Jwt4jQ==",
      "license": "MIT",
      "bin": {
        "blocks": "bin/run.js"
      },
      "engines": {
        "node": ">=20"
      }
    },
    "node_modules/@seliseblocks/client": {
      "version": "0.1.5",
      "resolved": "https://registry.npmjs.org/@seliseblocks/client/-/client-0.1.5.tgz",
      "integrity": "sha512-x+675rhTuGYad7YYSqGXfzi05mRB36mUURVcLA+uxIjPru744s2y4OIftdBJPYZDREtn2Is/KjdrmgfO0/Aedg==",
      "license": "MIT",
      "engines": {
        "node": ">=20"
      }
    }
  }
}
